#MicroXplorer Configuration settings - do not modify
Mcu.Family=STM32F1
PA6.GPIOParameters=GPIO_Speed,GPIO_PuPd
ProjectManager.MainLocation=Core/Src
ProjectManager.ProjectFileName=OLED12864Driver.ioc
ProjectManager.KeepUserCode=true
Mcu.UserName=STM32F103ZETx
Mcu.PinsNb=7
ProjectManager.NoMain=false
RCC.PLLCLKFreq_Value=8000000
ProjectManager.functionlistsort=1-MX_GPIO_Init-GPIO-false-HAL-true,2-SystemClock_Config-RCC-false-HAL-false
ProjectManager.DefaultFWLocation=true
ProjectManager.DeletePrevious=true
PinOutPanel.RotationAngle=0
RCC.FamilyName=M
ProjectManager.StackSize=0x400
PA13.Signal=SYS_JTMS-SWDIO
Mcu.IP2=SYS
NVIC.SVCall_IRQn=true\:0\:0\:false\:false\:true\:false\:false
Mcu.IP0=NVIC
Mcu.IP1=RCC
PA4.PinState=GPIO_PIN_RESET
Mcu.UserConstants=
ProjectManager.TargetToolchain=STM32CubeIDE
Mcu.ThirdPartyNb=0
Mcu.IPNb=3
ProjectManager.PreviousToolchain=STM32CubeIDE
Mcu.Pin6=VP_SYS_VS_Systick
ProjectManager.RegisterCallBack=
Mcu.Pin0=PA4
Mcu.Pin1=PA5
GPIO.groupedBy=
Mcu.Pin2=PA6
Mcu.Pin3=PA7
Mcu.Pin4=PA13
Mcu.Pin5=PA14
PA5.Signal=GPIO_Output
ProjectManager.ProjectBuild=false
NVIC.UsageFault_IRQn=true\:0\:0\:false\:false\:true\:false\:false
NVIC.DebugMonitor_IRQn=true\:0\:0\:false\:false\:true\:false\:false
board=custom
PA4.Locked=true
NVIC.SysTick_IRQn=true\:0\:0\:false\:false\:true\:false\:true
ProjectManager.LastFirmware=true
PA4.GPIO_Speed=GPIO_SPEED_FREQ_MEDIUM
PA7.GPIO_Speed=GPIO_SPEED_FREQ_MEDIUM
ProjectManager.FirmwarePackage=STM32Cube FW_F1 V1.8.1
MxDb.Version=DB.6.0.0
RCC.APB2Freq_Value=8000000
PA6.GPIO_PuPd=GPIO_NOPULL
ProjectManager.BackupPrevious=false
MxCube.Version=6.0.1
PA5.GPIO_ModeDefaultOutputPP=GPIO_MODE_OUTPUT_PP
PA14.Mode=Serial_Wire
PA5.GPIO_PuPd=GPIO_NOPULL
File.Version=6
VP_SYS_VS_Systick.Mode=SysTick
NVIC.NonMaskableInt_IRQn=true\:0\:0\:false\:false\:true\:false\:false
PA4.GPIOParameters=GPIO_Speed,PinState
NVIC.PendSV_IRQn=true\:0\:0\:false\:false\:true\:false\:false
PA13.Mode=Serial_Wire
ProjectManager.FreePins=false
RCC.IPParameters=APB1Freq_Value,APB2Freq_Value,FamilyName,PLLCLKFreq_Value,PLLMCOFreq_Value,TimSysFreq_Value
ProjectManager.AskForMigrate=true
Mcu.Name=STM32F103Z(C-D-E)Tx
ProjectManager.HalAssertFull=false
ProjectManager.ProjectName=OLED12864Driver
ProjectManager.UnderRoot=true
RCC.PLLMCOFreq_Value=4000000
ProjectManager.CoupleFile=false
PA4.Signal=GPIO_Output
Mcu.Package=LQFP144
PA6.Signal=GPIO_Output
RCC.TimSysFreq_Value=8000000
PA5.Locked=true
PA7.Locked=true
NVIC.ForceEnableDMAVector=true
KeepUserPlacement=false
NVIC.MemoryManagement_IRQn=true\:0\:0\:false\:false\:true\:false\:false
ProjectManager.CompilerOptimize=6
ProjectManager.ToolChainLocation=
VP_SYS_VS_Systick.Signal=SYS_VS_Systick
PA14.Signal=SYS_JTCK-SWCLK
ProjectManager.HeapSize=0x200
NVIC.HardFault_IRQn=true\:0\:0\:false\:false\:true\:false\:false
PA5.GPIOParameters=GPIO_Speed,GPIO_PuPd,GPIO_ModeDefaultOutputPP
ProjectManager.ComputerToolchain=false
PA5.GPIO_Speed=GPIO_SPEED_FREQ_MEDIUM
NVIC.PriorityGroup=NVIC_PRIORITYGROUP_4
NVIC.BusFault_IRQn=true\:0\:0\:false\:false\:true\:false\:false
PA6.GPIO_Speed=GPIO_SPEED_FREQ_MEDIUM
RCC.APB1Freq_Value=8000000
PA7.GPIOParameters=GPIO_Speed
ProjectManager.CustomerFirmwarePackage=
ProjectManager.DeviceId=STM32F103ZETx
ProjectManager.LibraryCopy=1
PA7.Signal=GPIO_Output
PA6.Locked=true
